
Microsoft Visual Studio Solution File, Format Version 12.00
# Visual Studio 15
VisualStudioVersion = 15.0.28307.1585
MinimumVisualStudioVersion = 10.0.40219.1
Project("{8BC9CEB8-8B4A-11D0-8D11-00A0C91BC942}") = "partos", "partos\partos.vcxproj", "{29BE33B2-62B2-48EC-9FEB-013F9D9BF182}"
EndProject
Global
	GlobalSection(SolutionConfigurationPlatforms) = preSolution
		Debug|x64 = Debug|x64
		Debug|x86 = Debug|x86
		Release|x64 = Release|x64
		Release|x86 = Release|x86
	EndGlobalSection
	GlobalSection(ProjectConfigurationPlatforms) = postSolution
		{29BE33B2-62B2-48EC-9FEB-013F9D9BF182}.Debug|x64.ActiveCfg = Debug|x64
		{29BE33B2-62B2-48EC-9FEB-013F9D9BF182}.Debug|x64.Build.0 = Debug|x64
		{29BE33B2-62B2-48EC-9FEB-013F9D9BF182}.Debug|x86.ActiveCfg = Debug|Win32
		{29BE33B2-62B2-48EC-9FEB-013F9D9BF182}.Debug|x86.Build.0 = Debug|Win32
		{29BE33B2-62B2-48EC-9FEB-013F9D9BF182}.Release|x64.ActiveCfg = Release|x64
		{29BE33B2-62B2-48EC-9FEB-013F9D9BF182}.Release|x64.Build.0 = Release|x64
		{29BE33B2-62B2-48EC-9FEB-013F9D9BF182}.Release|x86.ActiveCfg = Release|Win32
		{29BE33B2-62B2-48EC-9FEB-013F9D9BF182}.Release|x86.Build.0 = Release|Win32
	EndGlobalSection
	GlobalSection(SolutionProperties) = preSolution
		HideSolutionNode = FALSE
	EndGlobalSection
	GlobalSection(ExtensibilityGlobals) = postSolution
		SolutionGuid = {E2A909A3-284E-4AF1-AF7E-272B13997D26}
	EndGlobalSection
EndGlobal
