
Microsoft Visual Studio Solution File, Format Version 12.00
# Visual Studio 15
VisualStudioVersion = 15.0.28307.1585
MinimumVisualStudioVersion = 10.0.40219.1
Project("{8BC9CEB8-8B4A-11D0-8D11-00A0C91BC942}") = "ConsoleApplication2", "ConsoleApplication2\ConsoleApplication2.vcxproj", "{CF3F600C-E441-41C9-B490-5B2345EE4EFE}"
EndProject
Global
	GlobalSection(SolutionConfigurationPlatforms) = preSolution
		Debug|x64 = Debug|x64
		Debug|x86 = Debug|x86
		Release|x64 = Release|x64
		Release|x86 = Release|x86
	EndGlobalSection
	GlobalSection(ProjectConfigurationPlatforms) = postSolution
		{CF3F600C-E441-41C9-B490-5B2345EE4EFE}.Debug|x64.ActiveCfg = Debug|x64
		{CF3F600C-E441-41C9-B490-5B2345EE4EFE}.Debug|x64.Build.0 = Debug|x64
		{CF3F600C-E441-41C9-B490-5B2345EE4EFE}.Debug|x86.ActiveCfg = Debug|Win32
		{CF3F600C-E441-41C9-B490-5B2345EE4EFE}.Debug|x86.Build.0 = Debug|Win32
		{CF3F600C-E441-41C9-B490-5B2345EE4EFE}.Release|x64.ActiveCfg = Release|x64
		{CF3F600C-E441-41C9-B490-5B2345EE4EFE}.Release|x64.Build.0 = Release|x64
		{CF3F600C-E441-41C9-B490-5B2345EE4EFE}.Release|x86.ActiveCfg = Release|Win32
		{CF3F600C-E441-41C9-B490-5B2345EE4EFE}.Release|x86.Build.0 = Release|Win32
	EndGlobalSection
	GlobalSection(SolutionProperties) = preSolution
		HideSolutionNode = FALSE
	EndGlobalSection
	GlobalSection(ExtensibilityGlobals) = postSolution
		SolutionGuid = {B8ED646E-83CC-4FD3-9297-67F9B4C70234}
	EndGlobalSection
EndGlobal
