
Microsoft Visual Studio Solution File, Format Version 12.00
# Visual Studio 15
VisualStudioVersion = 15.0.28307.1585
MinimumVisualStudioVersion = 10.0.40219.1
Project("{8BC9CEB8-8B4A-11D0-8D11-00A0C91BC942}") = "ConsoleApplication14", "ConsoleApplication14\ConsoleApplication14.vcxproj", "{9D85373F-1956-425A-A42B-2DBBABE35ED7}"
EndProject
Global
	GlobalSection(SolutionConfigurationPlatforms) = preSolution
		Debug|x64 = Debug|x64
		Debug|x86 = Debug|x86
		Release|x64 = Release|x64
		Release|x86 = Release|x86
	EndGlobalSection
	GlobalSection(ProjectConfigurationPlatforms) = postSolution
		{9D85373F-1956-425A-A42B-2DBBABE35ED7}.Debug|x64.ActiveCfg = Debug|x64
		{9D85373F-1956-425A-A42B-2DBBABE35ED7}.Debug|x64.Build.0 = Debug|x64
		{9D85373F-1956-425A-A42B-2DBBABE35ED7}.Debug|x86.ActiveCfg = Debug|Win32
		{9D85373F-1956-425A-A42B-2DBBABE35ED7}.Debug|x86.Build.0 = Debug|Win32
		{9D85373F-1956-425A-A42B-2DBBABE35ED7}.Release|x64.ActiveCfg = Release|x64
		{9D85373F-1956-425A-A42B-2DBBABE35ED7}.Release|x64.Build.0 = Release|x64
		{9D85373F-1956-425A-A42B-2DBBABE35ED7}.Release|x86.ActiveCfg = Release|Win32
		{9D85373F-1956-425A-A42B-2DBBABE35ED7}.Release|x86.Build.0 = Release|Win32
	EndGlobalSection
	GlobalSection(SolutionProperties) = preSolution
		HideSolutionNode = FALSE
	EndGlobalSection
	GlobalSection(ExtensibilityGlobals) = postSolution
		SolutionGuid = {A2F527B5-93CC-4729-94CD-67E1A0F65319}
	EndGlobalSection
EndGlobal
